{
    "hash": "1d467fcbdb87288e925838a306469624",
    "packages": [
        {
            "package": "knplabs/github-api",
            "version": "dev-master",
            "source-reference": "725bf7c990a3b2bb5e248b700ccf090f51d499f4"
        },
        {
            "package": "kriswallsmith/buzz",
            "version": "v0.6"
        },
        {
            "package": "manuelpichler/pivotal-tracker-api",
            "version": "dev-master",
            "source-reference": "1.0.1"
        }
    ],
    "packages-dev": null,
    "aliases": [

    ],
    "minimum-stability": "dev",
    "stability-flags": {
        "manuelpichler/pivotal-tracker-api": 20,
        "knplabs/github-api": 20
    }
}
